# This file is automatically @generated by Poetry 1.8.3 and should not be changed by hand.

[[package]]
name = "black"
version = "22.12.0"
description = "The uncompromising code formatter."
optional = false
python-versions = ">=3.7"
files = [
    {file = "black-22.12.0-cp310-cp310-manylinux_2_17_x86_64.manylinux2014_x86_64.whl", hash = "sha256:9eedd20838bd5d75b80c9f5487dbcb06836a43833a37846cf1d8c1cc01cef59d"},
    {file = "black-22.12.0-cp310-cp310-win_amd64.whl", hash = "sha256:159a46a4947f73387b4d83e87ea006dbb2337eab6c879620a3ba52699b1f4351"},
    {file = "black-22.12.0-cp311-cp311-manylinux_2_17_x86_64.manylinux2014_x86_64.whl", hash = "sha256:d30b212bffeb1e252b31dd269dfae69dd17e06d92b87ad26e23890f3efea366f"},
    {file = "black-22.12.0-cp311-cp311-win_amd64.whl", hash = "sha256:7412e75863aa5c5411886804678b7d083c7c28421210180d67dfd8cf1221e1f4"},
    {file = "black-22.12.0-cp37-cp37m-manylinux_2_17_x86_64.manylinux2014_x86_64.whl", hash = "sha256:c116eed0efb9ff870ded8b62fe9f28dd61ef6e9ddd28d83d7d264a38417dcee2"},
    {file = "black-22.12.0-cp37-cp37m-win_amd64.whl", hash = "sha256:1f58cbe16dfe8c12b7434e50ff889fa479072096d79f0a7f25e4ab8e94cd8350"},
    {file = "black-22.12.0-cp38-cp38-manylinux_2_17_x86_64.manylinux2014_x86_64.whl", hash = "sha256:77d86c9f3db9b1bf6761244bc0b3572a546f5fe37917a044e02f3166d5aafa7d"},
    {file = "black-22.12.0-cp38-cp38-win_amd64.whl", hash = "sha256:82d9fe8fee3401e02e79767016b4907820a7dc28d70d137eb397b92ef3cc5bfc"},
    {file = "black-22.12.0-cp39-cp39-manylinux_2_17_x86_64.manylinux2014_x86_64.whl", hash = "sha256:101c69b23df9b44247bd88e1d7e90154336ac4992502d4197bdac35dd7ee3320"},
    {file = "black-22.12.0-cp39-cp39-win_amd64.whl", hash = "sha256:559c7a1ba9a006226f09e4916060982fd27334ae1998e7a38b3f33a37f7a2148"},
    {file = "black-22.12.0-py3-none-any.whl", hash = "sha256:436cc9167dd28040ad90d3b404aec22cedf24a6e4d7de221bec2730ec0c97bcf"},
    {file = "black-22.12.0.tar.gz", hash = "sha256:229351e5a18ca30f447bf724d007f890f97e13af070bb6ad4c0a441cd7596a2f"},
]

[package.dependencies]
click = ">=8.0.0"
mypy-extensions = ">=0.4.3"
pathspec = ">=0.9.0"
platformdirs = ">=2"
tomli = {version = ">=1.1.0", markers = "python_full_version < \"3.11.0a7\""}
typing-extensions = {version = ">=3.10.0.0", markers = "python_version < \"3.10\""}

[package.extras]
colorama = ["colorama (>=0.4.3)"]
d = ["aiohttp (>=3.7.4)"]
jupyter = ["ipython (>=7.8.0)", "tokenize-rt (>=3.2.0)"]
uvloop = ["uvloop (>=0.15.2)"]

[[package]]
name = "cached-property"
version = "1.5.2"
description = "A decorator for caching properties in classes."
optional = false
python-versions = "*"
files = [
    {file = "cached-property-1.5.2.tar.gz", hash = "sha256:9fa5755838eecbb2d234c3aa390bd80fbd3ac6b6869109bfc1b499f7bd89a130"},
    {file = "cached_property-1.5.2-py2.py3-none-any.whl", hash = "sha256:df4f613cf7ad9a588cc381aaf4a512d26265ecebd5eb9e1ba12f1319eb85a6a0"},
]

[[package]]
name = "click"
version = "8.1.7"
description = "Composable command line interface toolkit"
optional = false
python-versions = ">=3.7"
files = [
    {file = "click-8.1.7-py3-none-any.whl", hash = "sha256:ae74fb96c20a0277a1d615f1e4d73c8414f5a98db8b799a7931d1582f3390c28"},
    {file = "click-8.1.7.tar.gz", hash = "sha256:ca9853ad459e787e2192211578cc907e7594e294c7ccc834310722b41b9ca6de"},
]

[package.dependencies]
colorama = {version = "*", markers = "platform_system == \"Windows\""}

[[package]]
name = "colorama"
version = "0.4.6"
description = "Cross-platform colored terminal text."
optional = false
python-versions = "!=3.0.*,!=3.1.*,!=3.2.*,!=3.3.*,!=3.4.*,!=3.5.*,!=3.6.*,>=2.7"
files = [
    {file = "colorama-0.4.6-py2.py3-none-any.whl", hash = "sha256:4f1d9991f5acc0ca119f9d443620b77f9d6b33703e51011c16baf57afb285fc6"},
    {file = "colorama-0.4.6.tar.gz", hash = "sha256:08695f5cb7ed6e0531a20572697297273c47b8cae5a63ffc6d6ed5c201be6e44"},
]

[[package]]
name = "cytoolz"
version = "1.0.0"
description = "Cython implementation of Toolz: High performance functional utilities"
optional = false
python-versions = ">=3.8"
files = [
    {file = "cytoolz-1.0.0-cp310-cp310-macosx_10_9_x86_64.whl", hash = "sha256:ecf5a887acb8f079ab1b81612b1c889bcbe6611aa7804fd2df46ed310aa5a345"},
    {file = "cytoolz-1.0.0-cp310-cp310-macosx_11_0_arm64.whl", hash = "sha256:ef0ef30c1e091d4d59d14d8108a16d50bd227be5d52a47da891da5019ac2f8e4"},
    {file = "cytoolz-1.0.0-cp310-cp310-manylinux_2_17_aarch64.manylinux2014_aarch64.whl", hash = "sha256:7df2dfd679f0517a96ced1cdd22f5c6c6aeeed28d928a82a02bf4c3fd6fd7ac4"},
    {file = "cytoolz-1.0.0-cp310-cp310-manylinux_2_17_ppc64le.manylinux2014_ppc64le.whl", hash = "sha256:8c51452c938e610f57551aa96e34924169c9100c0448bac88c2fb395cbd3538c"},
    {file = "cytoolz-1.0.0-cp310-cp310-manylinux_2_17_s390x.manylinux2014_s390x.whl", hash = "sha256:6433f03910c5e5345d82d6299457c26bf33821224ebb837c6b09d9cdbc414a6c"},
    {file = "cytoolz-1.0.0-cp310-cp310-manylinux_2_17_x86_64.manylinux2014_x86_64.whl", hash = "sha256:389ec328bb535f09e71dfe658bf0041f17194ca4cedaacd39bafe7893497a819"},
    {file = "cytoolz-1.0.0-cp310-cp310-manylinux_2_5_i686.manylinux1_i686.manylinux_2_17_i686.manylinux2014_i686.whl", hash = "sha256:c64658e1209517ce4b54c1c9269a508b289d8d55fc742760e4b8579eacf09a33"},
    {file = "cytoolz-1.0.0-cp310-cp310-musllinux_1_2_aarch64.whl", hash = "sha256:f6039a9bd5bb988762458b9ca82b39e60ca5e5baae2ba93913990dcc5d19fa88"},
    {file = "cytoolz-1.0.0-cp310-cp310-musllinux_1_2_i686.whl", hash = "sha256:85c9c8c4465ed1b2c8d67003809aec9627b129cb531d2f6cf0bbfe39952e7e4d"},
    {file = "cytoolz-1.0.0-cp310-cp310-musllinux_1_2_ppc64le.whl", hash = "sha256:49375aad431d76650f94877afb92f09f58b6ff9055079ef4f2cd55313f5a1b39"},
    {file = "cytoolz-1.0.0-cp310-cp310-musllinux_1_2_s390x.whl", hash = "sha256:4c45106171c824a61e755355520b646cb35a1987b34bbf5789443823ee137f63"},
    {file = "cytoolz-1.0.0-cp310-cp310-musllinux_1_2_x86_64.whl", hash = "sha256:3b319a7f0fed5db07d189db4046162ebc183c108df3562a65ba6ebe862d1f634"},
    {file = "cytoolz-1.0.0-cp310-cp310-win32.whl", hash = "sha256:9770e1b09748ad0d751853d994991e2592a9f8c464a87014365f80dac2e83faa"},
    {file = "cytoolz-1.0.0-cp310-cp310-win_amd64.whl", hash = "sha256:20194dd02954c00c1f0755e636be75a20781f91a4ac9270c7f747e82d3c7f5a5"},
    {file = "cytoolz-1.0.0-cp311-cp311-macosx_10_9_x86_64.whl", hash = "sha256:dffc22fd2c91be64dbdbc462d0786f8e8ac9a275cfa1869a1084d1867d4f67e0"},
    {file = "cytoolz-1.0.0-cp311-cp311-macosx_11_0_arm64.whl", hash = "sha256:a99e7e29274e293f4ffe20e07f76c2ac753a78f1b40c1828dfc54b2981b2f6c4"},
    {file = "cytoolz-1.0.0-cp311-cp311-manylinux_2_17_aarch64.manylinux2014_aarch64.whl", hash = "sha256:c507a3e0a45c41d66b43f96797290d75d1e7a8549aa03a4a6b8854fdf3f7b8d8"},
    {file = "cytoolz-1.0.0-cp311-cp311-manylinux_2_17_ppc64le.manylinux2014_ppc64le.whl", hash = "sha256:643a593ec272ef7429099e1182a22f64ec2696c00d295d2a5be390db1b7ff176"},
    {file = "cytoolz-1.0.0-cp311-cp311-manylinux_2_17_s390x.manylinux2014_s390x.whl", hash = "sha256:6ce38e2e42cbae30446190c59b92a8a9029e1806fd79eaf88f48b0fe33003893"},
    {file = "cytoolz-1.0.0-cp311-cp311-manylinux_2_17_x86_64.manylinux2014_x86_64.whl", hash = "sha256:810a6a168b8c5ecb412fbae3dd6f7ed6c6253a63caf4174ee9794ebd29b2224f"},
    {file = "cytoolz-1.0.0-cp311-cp311-manylinux_2_5_i686.manylinux1_i686.manylinux_2_17_i686.manylinux2014_i686.whl", hash = "sha256:0ce8a2a85c0741c1b19b16e6782c4a5abc54c3caecda66793447112ab2fa9884"},
    {file = "cytoolz-1.0.0-cp311-cp311-musllinux_1_2_aarch64.whl", hash = "sha256:ea4ac72e6b830861035c4c7999af8e55813f57c6d1913a3d93cc4a6babc27bf7"},
    {file = "cytoolz-1.0.0-cp311-cp311-musllinux_1_2_i686.whl", hash = "sha256:a09cdfb21dfb38aa04df43e7546a41f673377eb5485da88ceb784e327ec7603b"},
    {file = "cytoolz-1.0.0-cp311-cp311-musllinux_1_2_ppc64le.whl", hash = "sha256:658dd85deb375ff7af990a674e5c9058cef1c9d1f5dc89bc87b77be499348144"},
    {file = "cytoolz-1.0.0-cp311-cp311-musllinux_1_2_s390x.whl", hash = "sha256:9715d1ff5576919d10b68f17241375f6a1eec8961c25b78a83e6ef1487053f39"},
    {file = "cytoolz-1.0.0-cp311-cp311-musllinux_1_2_x86_64.whl", hash = "sha256:f370a1f1f1afc5c1c8cc5edc1cfe0ba444263a0772af7ce094be8e734f41769d"},
    {file = "cytoolz-1.0.0-cp311-cp311-win32.whl", hash = "sha256:dbb2ec1177dca700f3db2127e572da20de280c214fc587b2a11c717fc421af56"},
    {file = "cytoolz-1.0.0-cp311-cp311-win_amd64.whl", hash = "sha256:0983eee73df86e54bb4a79fcc4996aa8b8368fdbf43897f02f9c3bf39c4dc4fb"},
    {file = "cytoolz-1.0.0-cp312-cp312-macosx_10_13_x86_64.whl", hash = "sha256:10e3986066dc379e30e225b230754d9f5996aa8d84c2accc69c473c21d261e46"},
    {file = "cytoolz-1.0.0-cp312-cp312-macosx_11_0_arm64.whl", hash = "sha256:16576f1bb143ee2cb9f719fcc4b845879fb121f9075c7c5e8a5ff4854bd02fc6"},
    {file = "cytoolz-1.0.0-cp312-cp312-manylinux_2_17_aarch64.manylinux2014_aarch64.whl", hash = "sha256:3faa25a1840b984315e8b3ae517312375f4273ffc9a2f035f548b7f916884f37"},
    {file = "cytoolz-1.0.0-cp312-cp312-manylinux_2_17_ppc64le.manylinux2014_ppc64le.whl", hash = "sha256:781fce70a277b20fd95dc66811d1a97bb07b611ceea9bda8b7dd3c6a4b05d59a"},
    {file = "cytoolz-1.0.0-cp312-cp312-manylinux_2_17_s390x.manylinux2014_s390x.whl", hash = "sha256:7a562c25338eb24d419d1e80a7ae12133844ce6fdeb4ab54459daf250088a1b2"},
    {file = "cytoolz-1.0.0-cp312-cp312-manylinux_2_17_x86_64.manylinux2014_x86_64.whl", hash = "sha256:f29d8330aaf070304f7cd5cb7e73e198753624eb0aec278557cccd460c699b5b"},
    {file = "cytoolz-1.0.0-cp312-cp312-manylinux_2_5_i686.manylinux1_i686.manylinux_2_17_i686.manylinux2014_i686.whl", hash = "sha256:98a96c54aa55ed9c7cdb23c2f0df39a7b4ee518ac54888480b5bdb5ef69c7ef0"},
    {file = "cytoolz-1.0.0-cp312-cp312-musllinux_1_2_aarch64.whl", hash = "sha256:287d6d7f475882c2ddcbedf8da9a9b37d85b77690779a2d1cdceb5ae3998d52e"},
    {file = "cytoolz-1.0.0-cp312-cp312-musllinux_1_2_i686.whl", hash = "sha256:05a871688df749b982839239fcd3f8ec3b3b4853775d575ff9cd335fa7c75035"},
    {file = "cytoolz-1.0.0-cp312-cp312-musllinux_1_2_ppc64le.whl", hash = "sha256:28bb88e1e2f7d6d4b8e0890b06d292c568984d717de3e8381f2ca1dd12af6470"},
    {file = "cytoolz-1.0.0-cp312-cp312-musllinux_1_2_s390x.whl", hash = "sha256:576a4f1fc73d8836b10458b583f915849da6e4f7914f4ecb623ad95c2508cad5"},
    {file = "cytoolz-1.0.0-cp312-cp312-musllinux_1_2_x86_64.whl", hash = "sha256:509ed3799c47e4ada14f63e41e8f540ac6e2dab97d5d7298934e6abb9d3830ec"},
    {file = "cytoolz-1.0.0-cp312-cp312-win32.whl", hash = "sha256:9ce25f02b910630f6dc2540dd1e26c9326027ddde6c59f8cab07c56acc70714c"},
    {file = "cytoolz-1.0.0-cp312-cp312-win_amd64.whl", hash = "sha256:7e53cfcce87e05b7f0ae2fb2b3e5820048cd0bb7b701e92bd8f75c9fbb7c9ae9"},
    {file = "cytoolz-1.0.0-cp38-cp38-macosx_10_9_x86_64.whl", hash = "sha256:7d56569dfe67a39ce74ffff0dc12cf0a3d1aae709667a303fe8f2dd5fd004fdf"},
    {file = "cytoolz-1.0.0-cp38-cp38-macosx_11_0_arm64.whl", hash = "sha256:035c8bb4706dcf93a89fb35feadff67e9301935bf6bb864cd2366923b69d9a29"},
    {file = "cytoolz-1.0.0-cp38-cp38-manylinux_2_17_aarch64.manylinux2014_aarch64.whl", hash = "sha256:27c684799708bdc7ee7acfaf464836e1b4dec0996815c1d5efd6a92a4356a562"},
    {file = "cytoolz-1.0.0-cp38-cp38-manylinux_2_17_ppc64le.manylinux2014_ppc64le.whl", hash = "sha256:44ab57cfc922b15d94899f980d76759ef9e0256912dfab70bf2561bea9cd5b19"},
    {file = "cytoolz-1.0.0-cp38-cp38-manylinux_2_17_s390x.manylinux2014_s390x.whl", hash = "sha256:478af5ecc066da093d7660b23d0b465a7f44179739937afbded8af00af412eb6"},
    {file = "cytoolz-1.0.0-cp38-cp38-manylinux_2_17_x86_64.manylinux2014_x86_64.whl", hash = "sha256:da1f82a7828a42468ea2820a25b6e56461361390c29dcd4d68beccfa1b71066b"},
    {file = "cytoolz-1.0.0-cp38-cp38-manylinux_2_5_i686.manylinux1_i686.manylinux_2_17_i686.manylinux2014_i686.whl", hash = "sha256:6c371b3114d38ee717780b239179e88d5d358fe759a00dcf07691b8922bbc762"},
    {file = "cytoolz-1.0.0-cp38-cp38-musllinux_1_2_aarch64.whl", hash = "sha256:90b343b2f3b3e77c3832ba19b0b17e95412a5b2e715b05c23a55ba525d1fca49"},
    {file = "cytoolz-1.0.0-cp38-cp38-musllinux_1_2_i686.whl", hash = "sha256:89a554a9ba112403232a54e15e46ff218b33020f3f45c4baf6520ab198b7ad93"},
    {file = "cytoolz-1.0.0-cp38-cp38-musllinux_1_2_ppc64le.whl", hash = "sha256:0d603f5e2b1072166745ecdd81384a75757a96a704a5642231eb51969f919d5f"},
    {file = "cytoolz-1.0.0-cp38-cp38-musllinux_1_2_s390x.whl", hash = "sha256:122ef2425bd3c0419e6e5260d0b18cd25cf74de589cd0184e4a63b24a4641e2e"},
    {file = "cytoolz-1.0.0-cp38-cp38-musllinux_1_2_x86_64.whl", hash = "sha256:8819f1f97ebe36efcaf4b550e21677c46ac8a41bed482cf66845f377dd20700d"},
    {file = "cytoolz-1.0.0-cp38-cp38-win32.whl", hash = "sha256:fcddbb853770dd6e270d89ea8742f0aa42c255a274b9e1620eb04e019b79785e"},
    {file = "cytoolz-1.0.0-cp38-cp38-win_amd64.whl", hash = "sha256:ca526905a014a38cc23ae78635dc51d0462c5c24425b22c08beed9ff2ee03845"},
    {file = "cytoolz-1.0.0-cp39-cp39-macosx_10_9_x86_64.whl", hash = "sha256:05df5ff1cdd198fb57e7368623662578c950be0b14883cadfb9ee4098415e1e5"},
    {file = "cytoolz-1.0.0-cp39-cp39-macosx_11_0_arm64.whl", hash = "sha256:04a84778f48ebddb26948971dc60948907c876ba33b13f9cbb014fe65b341fc2"},
    {file = "cytoolz-1.0.0-cp39-cp39-manylinux_2_17_aarch64.manylinux2014_aarch64.whl", hash = "sha256:f65283b618b4c4df759f57bcf8483865a73f7f268e6d76886c743407c8d26c1c"},
    {file = "cytoolz-1.0.0-cp39-cp39-manylinux_2_17_ppc64le.manylinux2014_ppc64le.whl", hash = "sha256:388cd07ee9a9e504c735a0a933e53c98586a1c301a64af81f7aa7ff40c747520"},
    {file = "cytoolz-1.0.0-cp39-cp39-manylinux_2_17_s390x.manylinux2014_s390x.whl", hash = "sha256:06d09e9569cfdfc5c082806d4b4582db8023a3ce034097008622bcbac7236f38"},
    {file = "cytoolz-1.0.0-cp39-cp39-manylinux_2_17_x86_64.manylinux2014_x86_64.whl", hash = "sha256:9502bd9e37779cc9893cbab515a474c2ab6af61ed22ac2f7e16033db18fcaa85"},
    {file = "cytoolz-1.0.0-cp39-cp39-manylinux_2_5_i686.manylinux1_i686.manylinux_2_17_i686.manylinux2014_i686.whl", hash = "sha256:364c2fda148def38003b2c86e8adde1d2aab12411dd50872c244a815262e2fda"},
    {file = "cytoolz-1.0.0-cp39-cp39-musllinux_1_2_aarch64.whl", hash = "sha256:9b2e945617325242687189966335e785dc0fae316f4c1825baacf56e5a97e65f"},
    {file = "cytoolz-1.0.0-cp39-cp39-musllinux_1_2_i686.whl", hash = "sha256:0f16907fdc724c55b16776bdb7e629deae81d500fe48cfc3861231753b271355"},
    {file = "cytoolz-1.0.0-cp39-cp39-musllinux_1_2_ppc64le.whl", hash = "sha256:d3206c81ca3ba2d7b8fe78f2e116e3028e721148be753308e88dcbbc370bca52"},
    {file = "cytoolz-1.0.0-cp39-cp39-musllinux_1_2_s390x.whl", hash = "sha256:becce4b13e110b5ac6b23753dcd0c977f4fdccffa31898296e13fd1109e517e3"},
    {file = "cytoolz-1.0.0-cp39-cp39-musllinux_1_2_x86_64.whl", hash = "sha256:69a7e5e98fd446079b8b8ec5987aec9a31ec3570a6f494baefa6800b783eaf22"},
    {file = "cytoolz-1.0.0-cp39-cp39-win32.whl", hash = "sha256:b1707b6c3a91676ac83a28a231a14b337dbb4436b937e6b3e4fd44209852a48b"},
    {file = "cytoolz-1.0.0-cp39-cp39-win_amd64.whl", hash = "sha256:11d48b8521ef5fe92e099f4fc00717b5d0789c3c90d5d84031b6d3b17dee1700"},
    {file = "cytoolz-1.0.0-pp310-pypy310_pp73-macosx_10_15_x86_64.whl", hash = "sha256:e672712d5dc3094afc6fb346dd4e9c18c1f3c69608ddb8cf3b9f8428f9c26a5c"},
    {file = "cytoolz-1.0.0-pp310-pypy310_pp73-manylinux_2_17_aarch64.manylinux2014_aarch64.whl", hash = "sha256:86fb208bfb7420e1d0d20065d661310e4a8a6884851d4044f47d37ed4cd7410e"},
    {file = "cytoolz-1.0.0-pp310-pypy310_pp73-manylinux_2_5_i686.manylinux1_i686.manylinux_2_17_i686.manylinux2014_i686.whl", hash = "sha256:6dbe5fe3b835859fc559eb59bf2775b5a108f7f2cfab0966f3202859d787d8fd"},
    {file = "cytoolz-1.0.0-pp310-pypy310_pp73-manylinux_2_5_x86_64.manylinux1_x86_64.manylinux_2_17_x86_64.manylinux2014_x86_64.whl", hash = "sha256:0cace092dfda174eed09ed871793beb5b65633963bcda5b1632c73a5aceea1ce"},
    {file = "cytoolz-1.0.0-pp310-pypy310_pp73-win_amd64.whl", hash = "sha256:f7a9d816af3be9725c70efe0a6e4352a45d3877751b395014b8eb2f79d7d8d9d"},
    {file = "cytoolz-1.0.0-pp38-pypy38_pp73-macosx_10_9_x86_64.whl", hash = "sha256:caa7ef840847a23b379e6146760e3a22f15f445656af97e55a435c592125cfa5"},
    {file = "cytoolz-1.0.0-pp38-pypy38_pp73-manylinux_2_17_aarch64.manylinux2014_aarch64.whl", hash = "sha256:921082fff09ff6e40c12c87b49be044492b2d6bb01d47783995813b76680c7b2"},
    {file = "cytoolz-1.0.0-pp38-pypy38_pp73-manylinux_2_5_i686.manylinux1_i686.manylinux_2_17_i686.manylinux2014_i686.whl", hash = "sha256:a32f1356f3b64dda883583383966948604ac69ca0b7fbcf5f28856e5f9133b4e"},
    {file = "cytoolz-1.0.0-pp38-pypy38_pp73-manylinux_2_5_x86_64.manylinux1_x86_64.manylinux_2_17_x86_64.manylinux2014_x86_64.whl", hash = "sha256:9af793b1738e4191d15a92e1793f1ffea9f6461022c7b2442f3cb1ea0a4f758a"},
    {file = "cytoolz-1.0.0-pp38-pypy38_pp73-win_amd64.whl", hash = "sha256:51dfda3983fcc59075c534ce54ca041bb3c80e827ada5d4f25ff7b4049777f94"},
    {file = "cytoolz-1.0.0-pp39-pypy39_pp73-macosx_10_15_x86_64.whl", hash = "sha256:acfb8780c04d29423d14aaab74cd1b7b4beaba32f676e7ace02c9acfbf532aba"},
    {file = "cytoolz-1.0.0-pp39-pypy39_pp73-manylinux_2_17_aarch64.manylinux2014_aarch64.whl", hash = "sha256:99f39dcc46416dca3eb23664b73187b77fb52cd8ba2ddd8020a292d8f449db67"},
    {file = "cytoolz-1.0.0-pp39-pypy39_pp73-manylinux_2_5_i686.manylinux1_i686.manylinux_2_17_i686.manylinux2014_i686.whl", hash = "sha256:c0d56b3721977806dcf1a68b0ecd56feb382fdb0f632af1a9fc5ab9b662b32c6"},
    {file = "cytoolz-1.0.0-pp39-pypy39_pp73-manylinux_2_5_x86_64.manylinux1_x86_64.manylinux_2_17_x86_64.manylinux2014_x86_64.whl", hash = "sha256:45d346620abc8c83ae634136e700432ad6202faffcc24c5ab70b87392dcda8a1"},
    {file = "cytoolz-1.0.0-pp39-pypy39_pp73-win_amd64.whl", hash = "sha256:df0c81197fc130de94c09fc6f024a6a19c98ba8fe55c17f1e45ebba2e9229079"},
    {file = "cytoolz-1.0.0.tar.gz", hash = "sha256:eb453b30182152f9917a5189b7d99046b6ce90cdf8aeb0feff4b2683e600defd"},
]

[package.dependencies]
toolz = ">=0.8.0"

[package.extras]
cython = ["cython"]

[[package]]
name = "eth-hash"
version = "0.7.0"
description = "eth-hash: The Ethereum hashing function, keccak256, sometimes (erroneously) called sha3"
optional = false
python-versions = ">=3.8, <4"
files = [
    {file = "eth-hash-0.7.0.tar.gz", hash = "sha256:bacdc705bfd85dadd055ecd35fd1b4f846b671add101427e089a4ca2e8db310a"},
    {file = "eth_hash-0.7.0-py3-none-any.whl", hash = "sha256:b8d5a230a2b251f4a291e3164a23a14057c4a6de4b0aa4a16fa4dc9161b57e2f"},
]

[package.extras]
dev = ["build (>=0.9.0)", "bumpversion (>=0.5.3)", "ipython", "pre-commit (>=3.4.0)", "pytest (>=7.0.0)", "pytest-xdist (>=2.4.0)", "sphinx (>=6.0.0)", "sphinx-rtd-theme (>=1.0.0)", "towncrier (>=21,<22)", "tox (>=4.0.0)", "twine", "wheel"]
docs = ["sphinx (>=6.0.0)", "sphinx-rtd-theme (>=1.0.0)", "towncrier (>=21,<22)"]
pycryptodome = ["pycryptodome (>=3.6.6,<4)"]
pysha3 = ["pysha3 (>=1.0.0,<2.0.0)", "safe-pysha3 (>=1.0.0)"]
test = ["pytest (>=7.0.0)", "pytest-xdist (>=2.4.0)"]

[[package]]
name = "eth-typing"
version = "3.5.2"
description = "eth-typing: Common type annotations for ethereum python packages"
optional = false
python-versions = ">=3.7.2, <4"
files = [
    {file = "eth-typing-3.5.2.tar.gz", hash = "sha256:22bf051ddfaa35ff827c30090de167e5c5b8cc6d343f7f35c9b1c7553f6ab64d"},
    {file = "eth_typing-3.5.2-py3-none-any.whl", hash = "sha256:1842e628fb1ffa929b94f89a9d33caafbeb9978dc96abb6036a12bc91f1c624b"},
]

[package.dependencies]
typing-extensions = ">=4.0.1"

[package.extras]
dev = ["black (>=23)", "build (>=0.9.0)", "bumpversion (>=0.5.3)", "flake8 (==6.0.0)", "flake8-bugbear (==23.3.23)", "ipython", "isort (>=5.10.1)", "mypy (==0.971)", "pydocstyle (>=6.0.0)", "pytest (>=7.0.0)", "pytest-watch (>=4.1.0)", "pytest-xdist (>=2.4.0)", "sphinx (>=5.0.0)", "sphinx-rtd-theme (>=1.0.0)", "towncrier (>=21,<22)", "tox (>=4.0.0)", "twine", "types-setuptools", "wheel"]
docs = ["sphinx (>=5.0.0)", "sphinx-rtd-theme (>=1.0.0)", "towncrier (>=21,<22)"]
lint = ["black (>=23)", "flake8 (==6.0.0)", "flake8-bugbear (==23.3.23)", "isort (>=5.10.1)", "mypy (==0.971)", "pydocstyle (>=6.0.0)", "types-setuptools"]
test = ["pytest (>=7.0.0)", "pytest-xdist (>=2.4.0)"]

[[package]]
name = "eth-utils"
version = "2.3.1"
description = "eth-utils: Common utility functions for python code that interacts with Ethereum"
optional = false
python-versions = ">=3.7,<4"
files = [
    {file = "eth-utils-2.3.1.tar.gz", hash = "sha256:56a969b0536d4969dcb27e580521de35abf2dbed8b1bf072b5c80770c4324e27"},
    {file = "eth_utils-2.3.1-py3-none-any.whl", hash = "sha256:614eedc5ffcaf4e6708ca39e23b12bd69526a312068c1170c773bd1307d13972"},
]

[package.dependencies]
cytoolz = {version = ">=0.10.1", markers = "implementation_name == \"cpython\""}
eth-hash = ">=0.3.1"
eth-typing = ">=3.0.0"
toolz = {version = ">0.8.2", markers = "implementation_name == \"pypy\""}

[package.extras]
dev = ["black (>=23)", "build (>=0.9.0)", "bumpversion (>=0.5.3)", "eth-hash[pycryptodome]", "flake8 (==3.8.3)", "hypothesis (>=4.43.0)", "ipython", "isort (>=5.11.0)", "mypy (==0.971)", "pydocstyle (>=5.0.0)", "pytest (>=7.0.0)", "pytest-watch (>=4.1.0)", "pytest-xdist (>=2.4.0)", "sphinx (>=5.0.0)", "sphinx-rtd-theme (>=1.0.0)", "towncrier (>=21,<22)", "tox (>=4.0.0)", "twine", "types-setuptools", "wheel"]
docs = ["sphinx (>=5.0.0)", "sphinx-rtd-theme (>=1.0.0)", "towncrier (>=21,<22)"]
lint = ["black (>=23)", "flake8 (==3.8.3)", "isort (>=5.11.0)", "mypy (==0.971)", "pydocstyle (>=5.0.0)", "types-setuptools"]
test = ["hypothesis (>=4.43.0)", "mypy (==0.971)", "pytest (>=7.0.0)", "pytest-xdist (>=2.4.0)", "types-setuptools"]

[[package]]
name = "merlin-transcripts"
version = "0.1.1"
description = "merlin is a Python implementation of Merlin transcripts (https://merlin.cool)"
optional = false
python-versions = "^3.9"
files = []
develop = false

[package.source]
type = "git"
url = "https://github.com/nalinbhardwaj/curdleproofs.pie"
reference = "master"
resolved_reference = "8a4ef73fa3272e8faf851be9b2c1507c3ae70e1e"
subdirectory = "merlin_transcripts"

[[package]]
name = "mypy-extensions"
version = "1.0.0"
description = "Type system extensions for programs checked with the mypy type checker."
optional = false
python-versions = ">=3.5"
files = [
    {file = "mypy_extensions-1.0.0-py3-none-any.whl", hash = "sha256:4392f6c0eb8a5668a69e23d168ffa70f0be9ccfd32b5cc2d26a34ae5b844552d"},
    {file = "mypy_extensions-1.0.0.tar.gz", hash = "sha256:75dbf8955dc00442a438fc4d0666508a9a97b6bd41aa2f0ffe9d2f2725af0782"},
]

[[package]]
name = "pathspec"
version = "0.12.1"
description = "Utility library for gitignore style pattern matching of file paths."
optional = false
python-versions = ">=3.8"
files = [
    {file = "pathspec-0.12.1-py3-none-any.whl", hash = "sha256:a0d503e138a4c123b27490a4f7beda6a01c6f288df0e4a8b79c7eb0dc7b4cc08"},
    {file = "pathspec-0.12.1.tar.gz", hash = "sha256:a482d51503a1ab33b1c67a6c3813a26953dbdc71c31dacaef9a838c4e29f5712"},
]

[[package]]
name = "platformdirs"
version = "4.3.6"
description = "A small Python package for determining appropriate platform-specific dirs, e.g. a `user data dir`."
optional = false
python-versions = ">=3.8"
files = [
    {file = "platformdirs-4.3.6-py3-none-any.whl", hash = "sha256:73e575e1408ab8103900836b97580d5307456908a03e92031bab39e4554cc3fb"},
    {file = "platformdirs-4.3.6.tar.gz", hash = "sha256:357fb2acbc885b0419afd3ce3ed34564c13c9b95c89360cd9563f73aa5e2b907"},
]

[package.extras]
docs = ["furo (>=2024.8.6)", "proselint (>=0.14)", "sphinx (>=8.0.2)", "sphinx-autodoc-typehints (>=2.4)"]
test = ["appdirs (==1.4.4)", "covdefaults (>=2.3)", "pytest (>=8.3.2)", "pytest-cov (>=5)", "pytest-mock (>=3.14)"]
type = ["mypy (>=1.11.2)"]

[[package]]
name = "py-ecc"
version = "6.0.0"
description = "Elliptic curve crypto in python including secp256k1 and alt_bn128"
optional = false
python-versions = ">=3.6, <4"
files = [
    {file = "py_ecc-6.0.0-py3-none-any.whl", hash = "sha256:54e8aa4c30374fa62d582c599a99f352c153f2971352171318bd6910a643be0b"},
    {file = "py_ecc-6.0.0.tar.gz", hash = "sha256:3fc8a79e38975e05dc443d25783fd69212a1ca854cc0efef071301a8f7d6ce1d"},
]

[package.dependencies]
cached-property = ">=1.5.1,<2"
eth-typing = ">=3.0.0,<4"
eth-utils = ">=2.0.0,<3"
mypy-extensions = ">=0.4.1"

[package.extras]
dev = ["bumpversion (>=0.5.3,<1)", "flake8 (==3.5.0)", "mypy (==0.641)", "mypy-extensions (>=0.4.1)", "pytest (==6.2.5)", "pytest-xdist (==1.26.0)", "twine"]
lint = ["flake8 (==3.5.0)", "mypy (==0.641)", "mypy-extensions (>=0.4.1)"]
test = ["pytest (==6.2.5)", "pytest-xdist (==1.26.0)"]

[[package]]
name = "tomli"
version = "2.0.2"
description = "A lil' TOML parser"
optional = false
python-versions = ">=3.8"
files = [
    {file = "tomli-2.0.2-py3-none-any.whl", hash = "sha256:2ebe24485c53d303f690b0ec092806a085f07af5a5aa1464f3931eec36caaa38"},
    {file = "tomli-2.0.2.tar.gz", hash = "sha256:d46d457a85337051c36524bc5349dd91b1877838e2979ac5ced3e710ed8a60ed"},
]

[[package]]
name = "toolz"
version = "1.0.0"
description = "List processing tools and functional utilities"
optional = false
python-versions = ">=3.8"
files = [
    {file = "toolz-1.0.0-py3-none-any.whl", hash = "sha256:292c8f1c4e7516bf9086f8850935c799a874039c8bcf959d47b600e4c44a6236"},
    {file = "toolz-1.0.0.tar.gz", hash = "sha256:2c86e3d9a04798ac556793bced838816296a2f085017664e4995cb40a1047a02"},
]

[[package]]
name = "typing-extensions"
version = "4.12.2"
description = "Backported and Experimental Type Hints for Python 3.8+"
optional = false
python-versions = ">=3.8"
files = [
    {file = "typing_extensions-4.12.2-py3-none-any.whl", hash = "sha256:04e5ca0351e0f3f85c6853954072df659d0d13fac324d0072316b67d7794700d"},
    {file = "typing_extensions-4.12.2.tar.gz", hash = "sha256:1a7ead55c7e559dd4dee8856e3a88b41225abfe1ce8df57b7c13915fe121ffb8"},
]

[metadata]
lock-version = "2.0"
python-versions = "^3.9"
content-hash = "1ee43956bd138850d3921a1bb34ad6fdde1134c60aeb7f42186294516d050a94"
